// !$*UTF8*$!
{
	archiveVersion = 1;
	classes = {
	};
	objectVersion = 46;
	objects = {

/* Begin PBXBuildFile section */
		D258BF251F0E3B41004FD0B9 /* MovieNightModel.swift in Sources */ = {isa = PBXBuildFile; fileRef = D258BF241F0E3B41004FD0B9 /* MovieNightModel.swift */; };
		D258BF2F1F0E856B004FD0B9 /* Assets.xcassets in Resources */ = {isa = PBXBuildFile; fileRef = D258BF2E1F0E856B004FD0B9 /* Assets.xcassets */; };
		D26E7DD31F126C12009FF237 /* GenreTableViewCell.swift in Sources */ = {isa = PBXBuildFile; fileRef = D26E7DD21F126C12009FF237 /* GenreTableViewCell.swift */; };
		D26E7DD51F126D00009FF237 /* GenreViewController.swift in Sources */ = {isa = PBXBuildFile; fileRef = D26E7DD41F126D00009FF237 /* GenreViewController.swift */; };
		D26E7DD71F127128009FF237 /* DirectorViewController.swift in Sources */ = {isa = PBXBuildFile; fileRef = D26E7DD61F127128009FF237 /* DirectorViewController.swift */; };
		D26E7DD91F12713B009FF237 /* DirectorTableViewCell.swift in Sources */ = {isa = PBXBuildFile; fileRef = D26E7DD81F12713B009FF237 /* DirectorTableViewCell.swift */; };
		D26E7DDB1F12714A009FF237 /* ActorTableViewCell.swift in Sources */ = {isa = PBXBuildFile; fileRef = D26E7DDA1F12714A009FF237 /* ActorTableViewCell.swift */; };
		D26E7DDD1F127159009FF237 /* ActorViewController.swift in Sources */ = {isa = PBXBuildFile; fileRef = D26E7DDC1F127159009FF237 /* ActorViewController.swift */; };
		D26E7DE11F1372D7009FF237 /* ResultTableViewCell.swift in Sources */ = {isa = PBXBuildFile; fileRef = D26E7DE01F1372D7009FF237 /* ResultTableViewCell.swift */; };
		D26E7DE31F137563009FF237 /* ResultTableViewController.swift in Sources */ = {isa = PBXBuildFile; fileRef = D26E7DE21F137563009FF237 /* ResultTableViewController.swift */; };
		D26F93DE1F0D8A5700E6078E /* AppDelegate.swift in Sources */ = {isa = PBXBuildFile; fileRef = D26F93DD1F0D8A5700E6078E /* AppDelegate.swift */; };
		D26F93E01F0D8A5700E6078E /* HomeViewController.swift in Sources */ = {isa = PBXBuildFile; fileRef = D26F93DF1F0D8A5700E6078E /* HomeViewController.swift */; };
		D26F93E31F0D8A5700E6078E /* Main.storyboard in Resources */ = {isa = PBXBuildFile; fileRef = D26F93E11F0D8A5700E6078E /* Main.storyboard */; };
		D26F93E81F0D8A5700E6078E /* LaunchScreen.storyboard in Resources */ = {isa = PBXBuildFile; fileRef = D26F93E61F0D8A5700E6078E /* LaunchScreen.storyboard */; };
		D26F93F31F0D8A5700E6078E /* MovieNightTests.swift in Sources */ = {isa = PBXBuildFile; fileRef = D26F93F21F0D8A5700E6078E /* MovieNightTests.swift */; };
		D26F93FE1F0D8A5700E6078E /* MovieNightUITests.swift in Sources */ = {isa = PBXBuildFile; fileRef = D26F93FD1F0D8A5700E6078E /* MovieNightUITests.swift */; };
/* End PBXBuildFile section */

/* Begin PBXContainerItemProxy section */
		D26F93EF1F0D8A5700E6078E /* PBXContainerItemProxy */ = {
			isa = PBXContainerItemProxy;
			containerPortal = D26F93D21F0D8A5700E6078E /* Project object */;
			proxyType = 1;
			remoteGlobalIDString = D26F93D91F0D8A5700E6078E;
			remoteInfo = MovieNight;
		};
		D26F93FA1F0D8A5700E6078E /* PBXContainerItemProxy */ = {
			isa = PBXContainerItemProxy;
			containerPortal = D26F93D21F0D8A5700E6078E /* Project object */;
			proxyType = 1;
			remoteGlobalIDString = D26F93D91F0D8A5700E6078E;
			remoteInfo = MovieNight;
		};
/* End PBXContainerItemProxy section */

/* Begin PBXFileReference section */
		D258BF241F0E3B41004FD0B9 /* MovieNightModel.swift */ = {isa = PBXFileReference; fileEncoding = 4; lastKnownFileType = sourcecode.swift; path = MovieNightModel.swift; sourceTree = "<group>"; };
		D258BF2E1F0E856B004FD0B9 /* Assets.xcassets */ = {isa = PBXFileReference; lastKnownFileType = folder.assetcatalog; path = Assets.xcassets; sourceTree = "<group>"; };
		D26E7DD21F126C12009FF237 /* GenreTableViewCell.swift */ = {isa = PBXFileReference; fileEncoding = 4; lastKnownFileType = sourcecode.swift; path = GenreTableViewCell.swift; sourceTree = "<group>"; };
		D26E7DD41F126D00009FF237 /* GenreViewController.swift */ = {isa = PBXFileReference; fileEncoding = 4; lastKnownFileType = sourcecode.swift; path = GenreViewController.swift; sourceTree = "<group>"; };
		D26E7DD61F127128009FF237 /* DirectorViewController.swift */ = {isa = PBXFileReference; fileEncoding = 4; lastKnownFileType = sourcecode.swift; path = DirectorViewController.swift; sourceTree = "<group>"; };
		D26E7DD81F12713B009FF237 /* DirectorTableViewCell.swift */ = {isa = PBXFileReference; fileEncoding = 4; lastKnownFileType = sourcecode.swift; path = DirectorTableViewCell.swift; sourceTree = "<group>"; };
		D26E7DDA1F12714A009FF237 /* ActorTableViewCell.swift */ = {isa = PBXFileReference; fileEncoding = 4; lastKnownFileType = sourcecode.swift; path = ActorTableViewCell.swift; sourceTree = "<group>"; };
		D26E7DDC1F127159009FF237 /* ActorViewController.swift */ = {isa = PBXFileReference; fileEncoding = 4; lastKnownFileType = sourcecode.swift; path = ActorViewController.swift; sourceTree = "<group>"; };
		D26E7DE01F1372D7009FF237 /* ResultTableViewCell.swift */ = {isa = PBXFileReference; fileEncoding = 4; lastKnownFileType = sourcecode.swift; path = ResultTableViewCell.swift; sourceTree = "<group>"; };
		D26E7DE21F137563009FF237 /* ResultTableViewController.swift */ = {isa = PBXFileReference; fileEncoding = 4; lastKnownFileType = sourcecode.swift; name = ResultTableViewController.swift; path = ../ResultTableViewController.swift; sourceTree = "<group>"; };
		D26F93DA1F0D8A5700E6078E /* MovieNight.app */ = {isa = PBXFileReference; explicitFileType = wrapper.application; includeInIndex = 0; path = MovieNight.app; sourceTree = BUILT_PRODUCTS_DIR; };
		D26F93DD1F0D8A5700E6078E /* AppDelegate.swift */ = {isa = PBXFileReference; lastKnownFileType = sourcecode.swift; path = AppDelegate.swift; sourceTree = "<group>"; };
		D26F93DF1F0D8A5700E6078E /* HomeViewController.swift */ = {isa = PBXFileReference; lastKnownFileType = sourcecode.swift; path = HomeViewController.swift; sourceTree = "<group>"; };
		D26F93E21F0D8A5700E6078E /* Base */ = {isa = PBXFileReference; lastKnownFileType = file.storyboard; name = Base; path = Base.lproj/Main.storyboard; sourceTree = "<group>"; };
		D26F93E71F0D8A5700E6078E /* Base */ = {isa = PBXFileReference; lastKnownFileType = file.storyboard; name = Base; path = Base.lproj/LaunchScreen.storyboard; sourceTree = "<group>"; };
		D26F93E91F0D8A5700E6078E /* Info.plist */ = {isa = PBXFileReference; lastKnownFileType = text.plist.xml; path = Info.plist; sourceTree = "<group>"; };
		D26F93EE1F0D8A5700E6078E /* MovieNightTests.xctest */ = {isa = PBXFileReference; explicitFileType = wrapper.cfbundle; includeInIndex = 0; path = MovieNightTests.xctest; sourceTree = BUILT_PRODUCTS_DIR; };
		D26F93F21F0D8A5700E6078E /* MovieNightTests.swift */ = {isa = PBXFileReference; lastKnownFileType = sourcecode.swift; path = MovieNightTests.swift; sourceTree = "<group>"; };
		D26F93F41F0D8A5700E6078E /* Info.plist */ = {isa = PBXFileReference; lastKnownFileType = text.plist.xml; path = Info.plist; sourceTree = "<group>"; };
		D26F93F91F0D8A5700E6078E /* MovieNightUITests.xctest */ = {isa = PBXFileReference; explicitFileType = wrapper.cfbundle; includeInIndex = 0; path = MovieNightUITests.xctest; sourceTree = BUILT_PRODUCTS_DIR; };
		D26F93FD1F0D8A5700E6078E /* MovieNightUITests.swift */ = {isa = PBXFileReference; lastKnownFileType = sourcecode.swift; path = MovieNightUITests.swift; sourceTree = "<group>"; };
		D26F93FF1F0D8A5700E6078E /* Info.plist */ = {isa = PBXFileReference; lastKnownFileType = text.plist.xml; path = Info.plist; sourceTree = "<group>"; };
/* End PBXFileReference section */

/* Begin PBXFrameworksBuildPhase section */
		D26F93D71F0D8A5700E6078E /* Frameworks */ = {
			isa = PBXFrameworksBuildPhase;
			buildActionMask = 2147483647;
			files = (
			);
			runOnlyForDeploymentPostprocessing = 0;
		};
		D26F93EB1F0D8A5700E6078E /* Frameworks */ = {
			isa = PBXFrameworksBuildPhase;
			buildActionMask = 2147483647;
			files = (
			);
			runOnlyForDeploymentPostprocessing = 0;
		};
		D26F93F61F0D8A5700E6078E /* Frameworks */ = {
			isa = PBXFrameworksBuildPhase;
			buildActionMask = 2147483647;
			files = (
			);
			runOnlyForDeploymentPostprocessing = 0;
		};
/* End PBXFrameworksBuildPhase section */

/* Begin PBXGroup section */
		D26F93D11F0D8A5700E6078E = {
			isa = PBXGroup;
			children = (
				D26F93DC1F0D8A5700E6078E /* MovieNight */,
				D26F93F11F0D8A5700E6078E /* MovieNightTests */,
				D26F93FC1F0D8A5700E6078E /* MovieNightUITests */,
				D26F93DB1F0D8A5700E6078E /* Products */,
			);
			sourceTree = "<group>";
		};
		D26F93DB1F0D8A5700E6078E /* Products */ = {
			isa = PBXGroup;
			children = (
				D26F93DA1F0D8A5700E6078E /* MovieNight.app */,
				D26F93EE1F0D8A5700E6078E /* MovieNightTests.xctest */,
				D26F93F91F0D8A5700E6078E /* MovieNightUITests.xctest */,
			);
			name = Products;
			sourceTree = "<group>";
		};
		D26F93DC1F0D8A5700E6078E /* MovieNight */ = {
			isa = PBXGroup;
			children = (
				D26F93DD1F0D8A5700E6078E /* AppDelegate.swift */,
				D26F93DF1F0D8A5700E6078E /* HomeViewController.swift */,
				D26E7DD21F126C12009FF237 /* GenreTableViewCell.swift */,
				D26E7DD41F126D00009FF237 /* GenreViewController.swift */,
				D26E7DD61F127128009FF237 /* DirectorViewController.swift */,
				D26E7DD81F12713B009FF237 /* DirectorTableViewCell.swift */,
				D26E7DDA1F12714A009FF237 /* ActorTableViewCell.swift */,
				D26E7DDC1F127159009FF237 /* ActorViewController.swift */,
				D258BF241F0E3B41004FD0B9 /* MovieNightModel.swift */,
				D26E7DE21F137563009FF237 /* ResultTableViewController.swift */,
				D26E7DE01F1372D7009FF237 /* ResultTableViewCell.swift */,
				D26F93E11F0D8A5700E6078E /* Main.storyboard */,
				D26F93E61F0D8A5700E6078E /* LaunchScreen.storyboard */,
				D26F93E91F0D8A5700E6078E /* Info.plist */,
				D258BF2E1F0E856B004FD0B9 /* Assets.xcassets */,
			);
			path = MovieNight;
			sourceTree = "<group>";
		};
		D26F93F11F0D8A5700E6078E /* MovieNightTests */ = {
			isa = PBXGroup;
			children = (
				D26F93F21F0D8A5700E6078E /* MovieNightTests.swift */,
				D26F93F41F0D8A5700E6078E /* Info.plist */,
			);
			path = MovieNightTests;
			sourceTree = "<group>";
		};
		D26F93FC1F0D8A5700E6078E /* MovieNightUITests */ = {
			isa = PBXGroup;
			children = (
				D26F93FD1F0D8A5700E6078E /* MovieNightUITests.swift */,
				D26F93FF1F0D8A5700E6078E /* Info.plist */,
			);
			path = MovieNightUITests;
			sourceTree = "<group>";
		};
/* End PBXGroup section */

/* Begin PBXNativeTarget section */
		D26F93D91F0D8A5700E6078E /* MovieNight */ = {
			isa = PBXNativeTarget;
			buildConfigurationList = D26F94021F0D8A5700E6078E /* Build configuration list for PBXNativeTarget "MovieNight" */;
			buildPhases = (
				D26F93D61F0D8A5700E6078E /* Sources */,
				D26F93D71F0D8A5700E6078E /* Frameworks */,
				D26F93D81F0D8A5700E6078E /* Resources */,
			);
			buildRules = (
			);
			dependencies = (
			);
			name = MovieNight;
			productName = MovieNight;
			productReference = D26F93DA1F0D8A5700E6078E /* MovieNight.app */;
			productType = "com.apple.product-type.application";
		};
		D26F93ED1F0D8A5700E6078E /* MovieNightTests */ = {
			isa = PBXNativeTarget;
			buildConfigurationList = D26F94051F0D8A5700E6078E /* Build configuration list for PBXNativeTarget "MovieNightTests" */;
			buildPhases = (
				D26F93EA1F0D8A5700E6078E /* Sources */,
				D26F93EB1F0D8A5700E6078E /* Frameworks */,
				D26F93EC1F0D8A5700E6078E /* Resources */,
			);
			buildRules = (
			);
			dependencies = (
				D26F93F01F0D8A5700E6078E /* PBXTargetDependency */,
			);
			name = MovieNightTests;
			productName = MovieNightTests;
			productReference = D26F93EE1F0D8A5700E6078E /* MovieNightTests.xctest */;
			productType = "com.apple.product-type.bundle.unit-test";
		};
		D26F93F81F0D8A5700E6078E /* MovieNightUITests */ = {
			isa = PBXNativeTarget;
			buildConfigurationList = D26F94081F0D8A5700E6078E /* Build configuration list for PBXNativeTarget "MovieNightUITests" */;
			buildPhases = (
				D26F93F51F0D8A5700E6078E /* Sources */,
				D26F93F61F0D8A5700E6078E /* Frameworks */,
				D26F93F71F0D8A5700E6078E /* Resources */,
			);
			buildRules = (
			);
			dependencies = (
				D26F93FB1F0D8A5700E6078E /* PBXTargetDependency */,
			);
			name = MovieNightUITests;
			productName = MovieNightUITests;
			productReference = D26F93F91F0D8A5700E6078E /* MovieNightUITests.xctest */;
			productType = "com.apple.product-type.bundle.ui-testing";
		};
/* End PBXNativeTarget section */

/* Begin PBXProject section */
		D26F93D21F0D8A5700E6078E /* Project object */ = {
			isa = PBXProject;
			attributes = {
				LastSwiftUpdateCheck = 0830;
				LastUpgradeCheck = 0830;
				ORGANIZATIONNAME = "Tassia Serrao";
				TargetAttributes = {
					D26F93D91F0D8A5700E6078E = {
						CreatedOnToolsVersion = 8.3.2;
						DevelopmentTeam = M3U59XUU7L;
						ProvisioningStyle = Automatic;
					};
					D26F93ED1F0D8A5700E6078E = {
						CreatedOnToolsVersion = 8.3.2;
						ProvisioningStyle = Automatic;
						TestTargetID = D26F93D91F0D8A5700E6078E;
					};
					D26F93F81F0D8A5700E6078E = {
						CreatedOnToolsVersion = 8.3.2;
						ProvisioningStyle = Automatic;
						TestTargetID = D26F93D91F0D8A5700E6078E;
					};
				};
			};
			buildConfigurationList = D26F93D51F0D8A5700E6078E /* Build configuration list for PBXProject "MovieNight" */;
			compatibilityVersion = "Xcode 3.2";
			developmentRegion = English;
			hasScannedForEncodings = 0;
			knownRegions = (
				en,
				Base,
			);
			mainGroup = D26F93D11F0D8A5700E6078E;
			productRefGroup = D26F93DB1F0D8A5700E6078E /* Products */;
			projectDirPath = "";
			projectRoot = "";
			targets = (
				D26F93D91F0D8A5700E6078E /* MovieNight */,
				D26F93ED1F0D8A5700E6078E /* MovieNightTests */,
				D26F93F81F0D8A5700E6078E /* MovieNightUITests */,
			);
		};
/* End PBXProject section */

/* Begin PBXResourcesBuildPhase section */
		D26F93D81F0D8A5700E6078E /* Resources */ = {
			isa = PBXResourcesBuildPhase;
			buildActionMask = 2147483647;
			files = (
				D26F93E81F0D8A5700E6078E /* LaunchScreen.storyboard in Resources */,
				D258BF2F1F0E856B004FD0B9 /* Assets.xcassets in Resources */,
				D26F93E31F0D8A5700E6078E /* Main.storyboard in Resources */,
			);
			runOnlyForDeploymentPostprocessing = 0;
		};
		D26F93EC1F0D8A5700E6078E /* Resources */ = {
			isa = PBXResourcesBuildPhase;
			buildActionMask = 2147483647;
			files = (
			);
			runOnlyForDeploymentPostprocessing = 0;
		};
		D26F93F71F0D8A5700E6078E /* Resources */ = {
			isa = PBXResourcesBuildPhase;
			buildActionMask = 2147483647;
			files = (
			);
			runOnlyForDeploymentPostprocessing = 0;
		};
/* End PBXResourcesBuildPhase section */

/* Begin PBXSourcesBuildPhase section */
		D26F93D61F0D8A5700E6078E /* Sources */ = {
			isa = PBXSourcesBuildPhase;
			buildActionMask = 2147483647;
			files = (
				D26E7DE11F1372D7009FF237 /* ResultTableViewCell.swift in Sources */,
				D26E7DD71F127128009FF237 /* DirectorViewController.swift in Sources */,
				D26F93E01F0D8A5700E6078E /* HomeViewController.swift in Sources */,
				D26E7DD51F126D00009FF237 /* GenreViewController.swift in Sources */,
				D26E7DDD1F127159009FF237 /* ActorViewController.swift in Sources */,
				D26F93DE1F0D8A5700E6078E /* AppDelegate.swift in Sources */,
				D258BF251F0E3B41004FD0B9 /* MovieNightModel.swift in Sources */,
				D26E7DD31F126C12009FF237 /* GenreTableViewCell.swift in Sources */,
				D26E7DD91F12713B009FF237 /* DirectorTableViewCell.swift in Sources */,
				D26E7DE31F137563009FF237 /* ResultTableViewController.swift in Sources */,
				D26E7DDB1F12714A009FF237 /* ActorTableViewCell.swift in Sources */,
			);
			runOnlyForDeploymentPostprocessing = 0;
		};
		D26F93EA1F0D8A5700E6078E /* Sources */ = {
			isa = PBXSourcesBuildPhase;
			buildActionMask = 2147483647;
			files = (
				D26F93F31F0D8A5700E6078E /* MovieNightTests.swift in Sources */,
			);
			runOnlyForDeploymentPostprocessing = 0;
		};
		D26F93F51F0D8A5700E6078E /* Sources */ = {
			isa = PBXSourcesBuildPhase;
			buildActionMask = 2147483647;
			files = (
				D26F93FE1F0D8A5700E6078E /* MovieNightUITests.swift in Sources */,
			);
			runOnlyForDeploymentPostprocessing = 0;
		};
/* End PBXSourcesBuildPhase section */

/* Begin PBXTargetDependency section */
		D26F93F01F0D8A5700E6078E /* PBXTargetDependency */ = {
			isa = PBXTargetDependency;
			target = D26F93D91F0D8A5700E6078E /* MovieNight */;
			targetProxy = D26F93EF1F0D8A5700E6078E /* PBXContainerItemProxy */;
		};
		D26F93FB1F0D8A5700E6078E /* PBXTargetDependency */ = {
			isa = PBXTargetDependency;
			target = D26F93D91F0D8A5700E6078E /* MovieNight */;
			targetProxy = D26F93FA1F0D8A5700E6078E /* PBXContainerItemProxy */;
		};
/* End PBXTargetDependency section */

/* Begin PBXVariantGroup section */
		D26F93E11F0D8A5700E6078E /* Main.storyboard */ = {
			isa = PBXVariantGroup;
			children = (
				D26F93E21F0D8A5700E6078E /* Base */,
			);
			name = Main.storyboard;
			sourceTree = "<group>";
		};
		D26F93E61F0D8A5700E6078E /* LaunchScreen.storyboard */ = {
			isa = PBXVariantGroup;
			children = (
				D26F93E71F0D8A5700E6078E /* Base */,
			);
			name = LaunchScreen.storyboard;
			sourceTree = "<group>";
		};
/* End PBXVariantGroup section */

/* Begin XCBuildConfiguration section */
		D26F94001F0D8A5700E6078E /* Debug */ = {
			isa = XCBuildConfiguration;
			buildSettings = {
				ALWAYS_SEARCH_USER_PATHS = NO;
				CLANG_ANALYZER_NONNULL = YES;
				CLANG_ANALYZER_NUMBER_OBJECT_CONVERSION = YES_AGGRESSIVE;
				CLANG_CXX_LANGUAGE_STANDARD = "gnu++0x";
				CLANG_CXX_LIBRARY = "libc++";
				CLANG_ENABLE_MODULES = YES;
				CLANG_ENABLE_OBJC_ARC = YES;
				CLANG_WARN_BOOL_CONVERSION = YES;
				CLANG_WARN_CONSTANT_CONVERSION = YES;
				CLANG_WARN_DIRECT_OBJC_ISA_USAGE = YES_ERROR;
				CLANG_WARN_DOCUMENTATION_COMMENTS = YES;
				CLANG_WARN_EMPTY_BODY = YES;
				CLANG_WARN_ENUM_CONVERSION = YES;
				CLANG_WARN_INFINITE_RECURSION = YES;
				CLANG_WARN_INT_CONVERSION = YES;
				CLANG_WARN_OBJC_ROOT_CLASS = YES_ERROR;
				CLANG_WARN_SUSPICIOUS_MOVE = YES;
				CLANG_WARN_UNREACHABLE_CODE = YES;
				CLANG_WARN__DUPLICATE_METHOD_MATCH = YES;
				"CODE_SIGN_IDENTITY[sdk=iphoneos*]" = "iPhone Developer";
				COPY_PHASE_STRIP = NO;
				DEBUG_INFORMATION_FORMAT = dwarf;
				ENABLE_STRICT_OBJC_MSGSEND = YES;
				ENABLE_TESTABILITY = YES;
				GCC_C_LANGUAGE_STANDARD = gnu99;
				GCC_DYNAMIC_NO_PIC = NO;
				GCC_NO_COMMON_BLOCKS = YES;
				GCC_OPTIMIZATION_LEVEL = 0;
				GCC_PREPROCESSOR_DEFINITIONS = (
					"DEBUG=1",
					"$(inherited)",
				);
				GCC_WARN_64_TO_32_BIT_CONVERSION = YES;
				GCC_WARN_ABOUT_RETURN_TYPE = YES_ERROR;
				GCC_WARN_UNDECLARED_SELECTOR = YES;
				GCC_WARN_UNINITIALIZED_AUTOS = YES_AGGRESSIVE;
				GCC_WARN_UNUSED_FUNCTION = YES;
				GCC_WARN_UNUSED_VARIABLE = YES;
				IPHONEOS_DEPLOYMENT_TARGET = 10.3;
				MTL_ENABLE_DEBUG_INFO = YES;
				ONLY_ACTIVE_ARCH = YES;
				SDKROOT = iphoneos;
				SWIFT_ACTIVE_COMPILATION_CONDITIONS = DEBUG;
				SWIFT_OPTIMIZATION_LEVEL = "-Onone";
				TARGETED_DEVICE_FAMILY = "1,2";
			};
			name = Debug;
		};
		D26F94011F0D8A5700E6078E /* Release */ = {
			isa = XCBuildConfiguration;
			buildSettings = {
				ALWAYS_SEARCH_USER_PATHS = NO;
				CLANG_ANALYZER_NONNULL = YES;
				CLANG_ANALYZER_NUMBER_OBJECT_CONVERSION = YES_AGGRESSIVE;
				CLANG_CXX_LANGUAGE_STANDARD = "gnu++0x";
				CLANG_CXX_LIBRARY = "libc++";
				CLANG_ENABLE_MODULES = YES;
				CLANG_ENABLE_OBJC_ARC = YES;
				CLANG_WARN_BOOL_CONVERSION = YES;
				CLANG_WARN_CONSTANT_CONVERSION = YES;
				CLANG_WARN_DIRECT_OBJC_ISA_USAGE = YES_ERROR;
				CLANG_WARN_DOCUMENTATION_COMMENTS = YES;
				CLANG_WARN_EMPTY_BODY = YES;
				CLANG_WARN_ENUM_CONVERSION = YES;
				CLANG_WARN_INFINITE_RECURSION = YES;
				CLANG_WARN_INT_CONVERSION = YES;
				CLANG_WARN_OBJC_ROOT_CLASS = YES_ERROR;
				CLANG_WARN_SUSPICIOUS_MOVE = YES;
				CLANG_WARN_UNREACHABLE_CODE = YES;
				CLANG_WARN__DUPLICATE_METHOD_MATCH = YES;
				"CODE_SIGN_IDENTITY[sdk=iphoneos*]" = "iPhone Developer";
				COPY_PHASE_STRIP = NO;
				DEBUG_INFORMATION_FORMAT = "dwarf-with-dsym";
				ENABLE_NS_ASSERTIONS = NO;
				ENABLE_STRICT_OBJC_MSGSEND = YES;
				GCC_C_LANGUAGE_STANDARD = gnu99;
				GCC_NO_COMMON_BLOCKS = YES;
				GCC_WARN_64_TO_32_BIT_CONVERSION = YES;
				GCC_WARN_ABOUT_RETURN_TYPE = YES_ERROR;
				GCC_WARN_UNDECLARED_SELECTOR = YES;
				GCC_WARN_UNINITIALIZED_AUTOS = YES_AGGRESSIVE;
				GCC_WARN_UNUSED_FUNCTION = YES;
				GCC_WARN_UNUSED_VARIABLE = YES;
				IPHONEOS_DEPLOYMENT_TARGET = 10.3;
				MTL_ENABLE_DEBUG_INFO = NO;
				SDKROOT = iphoneos;
				SWIFT_OPTIMIZATION_LEVEL = "-Owholemodule";
				TARGETED_DEVICE_FAMILY = "1,2";
				VALIDATE_PRODUCT = YES;
			};
			name = Release;
		};
		D26F94031F0D8A5700E6078E /* Debug */ = {
			isa = XCBuildConfiguration;
			buildSettings = {
				ASSETCATALOG_COMPILER_APPICON_NAME = AppIcon;
				DEVELOPMENT_TEAM = M3U59XUU7L;
				INFOPLIST_FILE = MovieNight/Info.plist;
				LD_RUNPATH_SEARCH_PATHS = "$(inherited) @executable_path/Frameworks";
				PRODUCT_BUNDLE_IDENTIFIER = com.threehouse.MovieNight;
				PRODUCT_NAME = "$(TARGET_NAME)";
				SWIFT_VERSION = 3.0;
			};
			name = Debug;
		};
		D26F94041F0D8A5700E6078E /* Release */ = {
			isa = XCBuildConfiguration;
			buildSettings = {
				ASSETCATALOG_COMPILER_APPICON_NAME = AppIcon;
				DEVELOPMENT_TEAM = M3U59XUU7L;
				INFOPLIST_FILE = MovieNight/Info.plist;
				LD_RUNPATH_SEARCH_PATHS = "$(inherited) @executable_path/Frameworks";
				PRODUCT_BUNDLE_IDENTIFIER = com.threehouse.MovieNight;
				PRODUCT_NAME = "$(TARGET_NAME)";
				SWIFT_VERSION = 3.0;
			};
			name = Release;
		};
		D26F94061F0D8A5700E6078E /* Debug */ = {
			isa = XCBuildConfiguration;
			buildSettings = {
				ALWAYS_EMBED_SWIFT_STANDARD_LIBRARIES = YES;
				BUNDLE_LOADER = "$(TEST_HOST)";
				INFOPLIST_FILE = MovieNightTests/Info.plist;
				LD_RUNPATH_SEARCH_PATHS = "$(inherited) @executable_path/Frameworks @loader_path/Frameworks";
				PRODUCT_BUNDLE_IDENTIFIER = com.treehouse.MovieNightTests;
				PRODUCT_NAME = "$(TARGET_NAME)";
				SWIFT_VERSION = 3.0;
				TEST_HOST = "$(BUILT_PRODUCTS_DIR)/MovieNight.app/MovieNight";
			};
			name = Debug;
		};
		D26F94071F0D8A5700E6078E /* Release */ = {
			isa = XCBuildConfiguration;
			buildSettings = {
				ALWAYS_EMBED_SWIFT_STANDARD_LIBRARIES = YES;
				BUNDLE_LOADER = "$(TEST_HOST)";
				INFOPLIST_FILE = MovieNightTests/Info.plist;
				LD_RUNPATH_SEARCH_PATHS = "$(inherited) @executable_path/Frameworks @loader_path/Frameworks";
				PRODUCT_BUNDLE_IDENTIFIER = com.treehouse.MovieNightTests;
				PRODUCT_NAME = "$(TARGET_NAME)";
				SWIFT_VERSION = 3.0;
				TEST_HOST = "$(BUILT_PRODUCTS_DIR)/MovieNight.app/MovieNight";
			};
			name = Release;
		};
		D26F94091F0D8A5700E6078E /* Debug */ = {
			isa = XCBuildConfiguration;
			buildSettings = {
				ALWAYS_EMBED_SWIFT_STANDARD_LIBRARIES = YES;
				INFOPLIST_FILE = MovieNightUITests/Info.plist;
				LD_RUNPATH_SEARCH_PATHS = "$(inherited) @executable_path/Frameworks @loader_path/Frameworks";
				PRODUCT_BUNDLE_IDENTIFIER = com.treehouse.MovieNightUITests;
				PRODUCT_NAME = "$(TARGET_NAME)";
				SWIFT_VERSION = 3.0;
				TEST_TARGET_NAME = MovieNight;
			};
			name = Debug;
		};
		D26F940A1F0D8A5700E6078E /* Release */ = {
			isa = XCBuildConfiguration;
			buildSettings = {
				ALWAYS_EMBED_SWIFT_STANDARD_LIBRARIES = YES;
				INFOPLIST_FILE = MovieNightUITests/Info.plist;
				LD_RUNPATH_SEARCH_PATHS = "$(inherited) @executable_path/Frameworks @loader_path/Frameworks";
				PRODUCT_BUNDLE_IDENTIFIER = com.treehouse.MovieNightUITests;
				PRODUCT_NAME = "$(TARGET_NAME)";
				SWIFT_VERSION = 3.0;
				TEST_TARGET_NAME = MovieNight;
			};
			name = Release;
		};
/* End XCBuildConfiguration section */

/* Begin XCConfigurationList section */
		D26F93D51F0D8A5700E6078E /* Build configuration list for PBXProject "MovieNight" */ = {
			isa = XCConfigurationList;
			buildConfigurations = (
				D26F94001F0D8A5700E6078E /* Debug */,
				D26F94011F0D8A5700E6078E /* Release */,
			);
			defaultConfigurationIsVisible = 0;
			defaultConfigurationName = Release;
		};
		D26F94021F0D8A5700E6078E /* Build configuration list for PBXNativeTarget "MovieNight" */ = {
			isa = XCConfigurationList;
			buildConfigurations = (
				D26F94031F0D8A5700E6078E /* Debug */,
				D26F94041F0D8A5700E6078E /* Release */,
			);
			defaultConfigurationIsVisible = 0;
			defaultConfigurationName = Release;
		};
		D26F94051F0D8A5700E6078E /* Build configuration list for PBXNativeTarget "MovieNightTests" */ = {
			isa = XCConfigurationList;
			buildConfigurations = (
				D26F94061F0D8A5700E6078E /* Debug */,
				D26F94071F0D8A5700E6078E /* Release */,
			);
			defaultConfigurationIsVisible = 0;
			defaultConfigurationName = Release;
		};
		D26F94081F0D8A5700E6078E /* Build configuration list for PBXNativeTarget "MovieNightUITests" */ = {
			isa = XCConfigurationList;
			buildConfigurations = (
				D26F94091F0D8A5700E6078E /* Debug */,
				D26F940A1F0D8A5700E6078E /* Release */,
			);
			defaultConfigurationIsVisible = 0;
			defaultConfigurationName = Release;
		};
/* End XCConfigurationList section */
	};
	rootObject = D26F93D21F0D8A5700E6078E /* Project object */;
}
